
Microsoft Visual Studio Solution File, Format Version 12.00
# Visual Studio Version 17
VisualStudioVersion = 17.8.34330.188
MinimumVisualStudioVersion = 10.0.40219.1
Project("{FAE04EC0-301F-11D3-BF4B-00C04F79EFBC}") = "RATServer", "RATServer\RATServer.csproj", "{FF051C2F-E5CC-43D3-B91A-9FD4F6A19193}"
EndProject
Project("{FAE04EC0-301F-11D3-BF4B-00C04F79EFBC}") = "SimpleRAT", "SimpleRAT\SimpleRAT.csproj", "{9C05DEBB-985F-4113-9984-B578772E59CF}"
EndProject
Global
	GlobalSection(SolutionConfigurationPlatforms) = preSolution
		Debug|Any CPU = Debug|Any CPU
		Release|Any CPU = Release|Any CPU
	EndGlobalSection
	GlobalSection(ProjectConfigurationPlatforms) = postSolution
		{FF051C2F-E5CC-43D3-B91A-9FD4F6A19193}.Debug|Any CPU.ActiveCfg = Debug|Any CPU
		{FF051C2F-E5CC-43D3-B91A-9FD4F6A19193}.Debug|Any CPU.Build.0 = Debug|Any CPU
		{FF051C2F-E5CC-43D3-B91A-9FD4F6A19193}.Release|Any CPU.ActiveCfg = Release|Any CPU
		{FF051C2F-E5CC-43D3-B91A-9FD4F6A19193}.Release|Any CPU.Build.0 = Release|Any CPU
		{9C05DEBB-985F-4113-9984-B578772E59CF}.Debug|Any CPU.ActiveCfg = Debug|Any CPU
		{9C05DEBB-985F-4113-9984-B578772E59CF}.Debug|Any CPU.Build.0 = Debug|Any CPU
		{9C05DEBB-985F-4113-9984-B578772E59CF}.Release|Any CPU.ActiveCfg = Release|Any CPU
		{9C05DEBB-985F-4113-9984-B578772E59CF}.Release|Any CPU.Build.0 = Release|Any CPU
	EndGlobalSection
	GlobalSection(SolutionProperties) = preSolution
		HideSolutionNode = FALSE
	EndGlobalSection
	GlobalSection(ExtensibilityGlobals) = postSolution
		SolutionGuid = {FE8EF830-3FC6-47A5-A3CA-36B488DB8977}
	EndGlobalSection
EndGlobal
